
Microsoft Visual Studio Solution File, Format Version 12.00
# Visual Studio Version 16
VisualStudioVersion = 16.0.30621.155
MinimumVisualStudioVersion = 10.0.40219.1
Project("{FAE04EC0-301F-11D3-BF4B-00C04F79EFBC}") = "LocalizationHW", "LocalizationHW\LocalizationHW.csproj", "{B029E9CD-4B25-4D28-ABF7-77D04ED5C729}"
EndProject
Global
	GlobalSection(SolutionConfigurationPlatforms) = preSolution
		Debug|Any CPU = Debug|Any CPU
		Release|Any CPU = Release|Any CPU
	EndGlobalSection
	GlobalSection(ProjectConfigurationPlatforms) = postSolution
		{B029E9CD-4B25-4D28-ABF7-77D04ED5C729}.Debug|Any CPU.ActiveCfg = Debug|Any CPU
		{B029E9CD-4B25-4D28-ABF7-77D04ED5C729}.Debug|Any CPU.Build.0 = Debug|Any CPU
		{B029E9CD-4B25-4D28-ABF7-77D04ED5C729}.Release|Any CPU.ActiveCfg = Release|Any CPU
		{B029E9CD-4B25-4D28-ABF7-77D04ED5C729}.Release|Any CPU.Build.0 = Release|Any CPU
	EndGlobalSection
	GlobalSection(SolutionProperties) = preSolution
		HideSolutionNode = FALSE
	EndGlobalSection
	GlobalSection(ExtensibilityGlobals) = postSolution
		SolutionGuid = {43597926-ECEF-4E98-A14C-4C05C475F028}
	EndGlobalSection
EndGlobal
